
Microsoft Visual Studio Solution File, Format Version 12.00
# Visual Studio Version 16
VisualStudioVersion = 16.0.31424.327
MinimumVisualStudioVersion = 10.0.40219.1
Project("{9A19103F-16F7-4668-BE54-9A1E7A4F7556}") = "JobPortal", "JobPortal\JobPortal.csproj", "{9E8BB9F6-34B6-4CCF-A44B-71F91E536238}"
EndProject
Global
	GlobalSection(SolutionConfigurationPlatforms) = preSolution
		Debug|Any CPU = Debug|Any CPU
		Release|Any CPU = Release|Any CPU
	EndGlobalSection
	GlobalSection(ProjectConfigurationPlatforms) = postSolution
		{9E8BB9F6-34B6-4CCF-A44B-71F91E536238}.Debug|Any CPU.ActiveCfg = Debug|Any CPU
		{9E8BB9F6-34B6-4CCF-A44B-71F91E536238}.Debug|Any CPU.Build.0 = Debug|Any CPU
		{9E8BB9F6-34B6-4CCF-A44B-71F91E536238}.Release|Any CPU.ActiveCfg = Release|Any CPU
		{9E8BB9F6-34B6-4CCF-A44B-71F91E536238}.Release|Any CPU.Build.0 = Release|Any CPU
	EndGlobalSection
	GlobalSection(SolutionProperties) = preSolution
		HideSolutionNode = FALSE
	EndGlobalSection
	GlobalSection(ExtensibilityGlobals) = postSolution
		SolutionGuid = {B5C4C66A-76E4-4FCE-860E-22CBE3482A99}
	EndGlobalSection
EndGlobal
